
Microsoft Visual Studio Solution File, Format Version 12.00
# Visual Studio Version 17
VisualStudioVersion = 17.4.33110.190
MinimumVisualStudioVersion = 10.0.40219.1
Project("{FAE04EC0-301F-11D3-BF4B-00C04F79EFBC}") = "MedikalSenter", "MedikalSenter\MedikalSenter.csproj", "{A0A585D2-12C5-4EB0-AFAB-3ACDE4D44512}"
EndProject
Global
	GlobalSection(SolutionConfigurationPlatforms) = preSolution
		Debug|Any CPU = Debug|Any CPU
		Release|Any CPU = Release|Any CPU
	EndGlobalSection
	GlobalSection(ProjectConfigurationPlatforms) = postSolution
		{A0A585D2-12C5-4EB0-AFAB-3ACDE4D44512}.Debug|Any CPU.ActiveCfg = Debug|Any CPU
		{A0A585D2-12C5-4EB0-AFAB-3ACDE4D44512}.Debug|Any CPU.Build.0 = Debug|Any CPU
		{A0A585D2-12C5-4EB0-AFAB-3ACDE4D44512}.Release|Any CPU.ActiveCfg = Release|Any CPU
		{A0A585D2-12C5-4EB0-AFAB-3ACDE4D44512}.Release|Any CPU.Build.0 = Release|Any CPU
	EndGlobalSection
	GlobalSection(SolutionProperties) = preSolution
		HideSolutionNode = FALSE
	EndGlobalSection
	GlobalSection(ExtensibilityGlobals) = postSolution
		SolutionGuid = {799271A4-CBE0-40D2-92B0-FE9E1A88AA28}
	EndGlobalSection
EndGlobal
